
Microsoft Visual Studio Solution File, Format Version 12.00
# Visual Studio Version 16
VisualStudioVersion = 16.0.30320.27
MinimumVisualStudioVersion = 10.0.40219.1
Project("{FAE04EC0-301F-11D3-BF4B-00C04F79EFBC}") = "Selenium_test2", "Selenium_test2\Selenium_test2.csproj", "{4A2D3609-AC87-4A1F-BABF-F9165C8EC54B}"
EndProject
Global
	GlobalSection(SolutionConfigurationPlatforms) = preSolution
		Debug|Any CPU = Debug|Any CPU
		Release|Any CPU = Release|Any CPU
	EndGlobalSection
	GlobalSection(ProjectConfigurationPlatforms) = postSolution
		{4A2D3609-AC87-4A1F-BABF-F9165C8EC54B}.Debug|Any CPU.ActiveCfg = Debug|Any CPU
		{4A2D3609-AC87-4A1F-BABF-F9165C8EC54B}.Debug|Any CPU.Build.0 = Debug|Any CPU
		{4A2D3609-AC87-4A1F-BABF-F9165C8EC54B}.Release|Any CPU.ActiveCfg = Release|Any CPU
		{4A2D3609-AC87-4A1F-BABF-F9165C8EC54B}.Release|Any CPU.Build.0 = Release|Any CPU
	EndGlobalSection
	GlobalSection(SolutionProperties) = preSolution
		HideSolutionNode = FALSE
	EndGlobalSection
	GlobalSection(ExtensibilityGlobals) = postSolution
		SolutionGuid = {76F01B15-3E79-44BF-82FB-1D177C304478}
	EndGlobalSection
EndGlobal
